
Microsoft Visual Studio Solution File, Format Version 12.00
# Visual Studio Version 16
VisualStudioVersion = 16.0.33027.164
MinimumVisualStudioVersion = 10.0.40219.1
Project("{FAE04EC0-301F-11D3-BF4B-00C04F79EFBC}") = "Shajol_POS_PTSL", "Shajol_POS_PTSL\Shajol_POS_PTSL.csproj", "{58784BCE-C984-45A8-885A-8D4E55D1EDC7}"
EndProject
Global
	GlobalSection(SolutionConfigurationPlatforms) = preSolution
		Debug|Any CPU = Debug|Any CPU
		Release|Any CPU = Release|Any CPU
	EndGlobalSection
	GlobalSection(ProjectConfigurationPlatforms) = postSolution
		{58784BCE-C984-45A8-885A-8D4E55D1EDC7}.Debug|Any CPU.ActiveCfg = Debug|Any CPU
		{58784BCE-C984-45A8-885A-8D4E55D1EDC7}.Debug|Any CPU.Build.0 = Debug|Any CPU
		{58784BCE-C984-45A8-885A-8D4E55D1EDC7}.Release|Any CPU.ActiveCfg = Release|Any CPU
		{58784BCE-C984-45A8-885A-8D4E55D1EDC7}.Release|Any CPU.Build.0 = Release|Any CPU
	EndGlobalSection
	GlobalSection(SolutionProperties) = preSolution
		HideSolutionNode = FALSE
	EndGlobalSection
	GlobalSection(ExtensibilityGlobals) = postSolution
		SolutionGuid = {C2176B26-8C40-48E7-870C-88E5E6EA4DCC}
	EndGlobalSection
EndGlobal
